// !$*UTF8*$!
{
	archiveVersion = 1;
	classes = {
	};
	objectVersion = 56;
	objects = {

/* Begin PBXBuildFile section */
		8C1B2DD629FCEA5D00DFBE69 /* ChatterApp.swift in Sources */ = {isa = PBXBuildFile; fileRef = 8C1B2DD529FCEA5D00DFBE69 /* ChatterApp.swift */; };
		8C1B2DDA29FCEA5E00DFBE69 /* Assets.xcassets in Resources */ = {isa = PBXBuildFile; fileRef = 8C1B2DD929FCEA5E00DFBE69 /* Assets.xcassets */; };
		8C1B2DDD29FCEA5E00DFBE69 /* Preview Assets.xcassets in Resources */ = {isa = PBXBuildFile; fileRef = 8C1B2DDC29FCEA5E00DFBE69 /* Preview Assets.xcassets */; };
		8C1B2DE729FCEA5E00DFBE69 /* ChatterTests.swift in Sources */ = {isa = PBXBuildFile; fileRef = 8C1B2DE629FCEA5E00DFBE69 /* ChatterTests.swift */; };
		8C1B2DF129FCEA5E00DFBE69 /* ChatterUITests.swift in Sources */ = {isa = PBXBuildFile; fileRef = 8C1B2DF029FCEA5E00DFBE69 /* ChatterUITests.swift */; };
		8C1B2DF329FCEA5E00DFBE69 /* ChatterUITestsLaunchTests.swift in Sources */ = {isa = PBXBuildFile; fileRef = 8C1B2DF229FCEA5E00DFBE69 /* ChatterUITestsLaunchTests.swift */; };
		8C2BE53829FDBC4A0095BA68 /* Launch Screen.storyboard in Resources */ = {isa = PBXBuildFile; fileRef = 8C2BE53729FDBC4A0095BA68 /* Launch Screen.storyboard */; };
		8C5A8FDD29FF26B9006981E9 /* GetPhoneNumberVerificationScreen.swift in Sources */ = {isa = PBXBuildFile; fileRef = 8C5A8FDC29FF26B9006981E9 /* GetPhoneNumberVerificationScreen.swift */; };
		8C5A8FE029FF26DC006981E9 /* GetNameScreen.swift in Sources */ = {isa = PBXBuildFile; fileRef = 8C5A8FDF29FF26DC006981E9 /* GetNameScreen.swift */; };
		8C5A8FE229FF26E5006981E9 /* GetAgeScreen.swift in Sources */ = {isa = PBXBuildFile; fileRef = 8C5A8FE129FF26E5006981E9 /* GetAgeScreen.swift */; };
		8C5A8FE429FF26F0006981E9 /* GetGenderScreen.swift in Sources */ = {isa = PBXBuildFile; fileRef = 8C5A8FE329FF26F0006981E9 /* GetGenderScreen.swift */; };
		8C5A8FE629FF2701006981E9 /* GetInterestedGenderScreen.swift in Sources */ = {isa = PBXBuildFile; fileRef = 8C5A8FE529FF2701006981E9 /* GetInterestedGenderScreen.swift */; };
		8C5A8FE829FF2722006981E9 /* GetTypeOfRelationshipScreen.swift in Sources */ = {isa = PBXBuildFile; fileRef = 8C5A8FE729FF2722006981E9 /* GetTypeOfRelationshipScreen.swift */; };
		8C5A8FEA29FF27B8006981E9 /* OnboardingScreen.swift in Sources */ = {isa = PBXBuildFile; fileRef = 8C5A8FE929FF27B8006981E9 /* OnboardingScreen.swift */; };
		8C5A8FED29FF2C1E006981E9 /* FindMatchScreen.swift in Sources */ = {isa = PBXBuildFile; fileRef = 8C5A8FEC29FF2C1E006981E9 /* FindMatchScreen.swift */; };
		8C5A8FF02A003453006981E9 /* KeyboardModifier.swift in Sources */ = {isa = PBXBuildFile; fileRef = 8C5A8FEF2A003453006981E9 /* KeyboardModifier.swift */; };
		8C5A8FF22A00366B006981E9 /* SignUpTitleModifier.swift in Sources */ = {isa = PBXBuildFile; fileRef = 8C5A8FF12A00366B006981E9 /* SignUpTitleModifier.swift */; };
		8C5A8FF62A00387F006981E9 /* TagLineModifier.swift in Sources */ = {isa = PBXBuildFile; fileRef = 8C5A8FF52A00387F006981E9 /* TagLineModifier.swift */; };
		8C5A8FFA2A004A5C006981E9 /* SignUpDescriptionModifier.swift in Sources */ = {isa = PBXBuildFile; fileRef = 8C5A8FF92A004A5C006981E9 /* SignUpDescriptionModifier.swift */; };
		8C5A8FFC2A004BF1006981E9 /* RoundedLongFilledButtonModifier.swift in Sources */ = {isa = PBXBuildFile; fileRef = 8C5A8FFB2A004BF1006981E9 /* RoundedLongFilledButtonModifier.swift */; };
		8C5A8FFF2A005647006981E9 /* DisclaimerTextModifier.swift in Sources */ = {isa = PBXBuildFile; fileRef = 8C5A8FFE2A005647006981E9 /* DisclaimerTextModifier.swift */; };
		8C5A90032A0064A8006981E9 /* Miscellaneous.swift in Sources */ = {isa = PBXBuildFile; fileRef = 8C5A90022A0064A8006981E9 /* Miscellaneous.swift */; };
		8C5A90052A008347006981E9 /* CountriesAndCountryCodes.swift in Sources */ = {isa = PBXBuildFile; fileRef = 8C5A90042A008346006981E9 /* CountriesAndCountryCodes.swift */; };
		8C96A9A829FE4BC800A67ACE /* GetPhoneNumberScreen.swift in Sources */ = {isa = PBXBuildFile; fileRef = 8C96A9A729FE4BC800A67ACE /* GetPhoneNumberScreen.swift */; };
		8CA362DB2A00EEF100C728E6 /* GetEmailScreen.swift in Sources */ = {isa = PBXBuildFile; fileRef = 8CA362DA2A00EEF100C728E6 /* GetEmailScreen.swift */; };
		8CF6BFBA29FDC33600E04AA1 /* Gradients.swift in Sources */ = {isa = PBXBuildFile; fileRef = 8CF6BFB929FDC33600E04AA1 /* Gradients.swift */; };
		8CF6BFBC29FDC79100E04AA1 /* EntryScreen.swift in Sources */ = {isa = PBXBuildFile; fileRef = 8CF6BFBB29FDC79100E04AA1 /* EntryScreen.swift */; };
/* End PBXBuildFile section */

/* Begin PBXContainerItemProxy section */
		8C1B2DE329FCEA5E00DFBE69 /* PBXContainerItemProxy */ = {
			isa = PBXContainerItemProxy;
			containerPortal = 8C1B2DCA29FCEA5D00DFBE69 /* Project object */;
			proxyType = 1;
			remoteGlobalIDString = 8C1B2DD129FCEA5D00DFBE69;
			remoteInfo = Chatter;
		};
		8C1B2DED29FCEA5E00DFBE69 /* PBXContainerItemProxy */ = {
			isa = PBXContainerItemProxy;
			containerPortal = 8C1B2DCA29FCEA5D00DFBE69 /* Project object */;
			proxyType = 1;
			remoteGlobalIDString = 8C1B2DD129FCEA5D00DFBE69;
			remoteInfo = Chatter;
		};
/* End PBXContainerItemProxy section */

/* Begin PBXFileReference section */
		8C1B2DD229FCEA5D00DFBE69 /* Chatter.app */ = {isa = PBXFileReference; explicitFileType = wrapper.application; includeInIndex = 0; path = Chatter.app; sourceTree = BUILT_PRODUCTS_DIR; };
		8C1B2DD529FCEA5D00DFBE69 /* ChatterApp.swift */ = {isa = PBXFileReference; lastKnownFileType = sourcecode.swift; path = ChatterApp.swift; sourceTree = "<group>"; };
		8C1B2DD929FCEA5E00DFBE69 /* Assets.xcassets */ = {isa = PBXFileReference; lastKnownFileType = folder.assetcatalog; path = Assets.xcassets; sourceTree = "<group>"; };
		8C1B2DDC29FCEA5E00DFBE69 /* Preview Assets.xcassets */ = {isa = PBXFileReference; lastKnownFileType = folder.assetcatalog; path = "Preview Assets.xcassets"; sourceTree = "<group>"; };
		8C1B2DE229FCEA5E00DFBE69 /* ChatterTests.xctest */ = {isa = PBXFileReference; explicitFileType = wrapper.cfbundle; includeInIndex = 0; path = ChatterTests.xctest; sourceTree = BUILT_PRODUCTS_DIR; };
		8C1B2DE629FCEA5E00DFBE69 /* ChatterTests.swift */ = {isa = PBXFileReference; lastKnownFileType = sourcecode.swift; path = ChatterTests.swift; sourceTree = "<group>"; };
		8C1B2DEC29FCEA5E00DFBE69 /* ChatterUITests.xctest */ = {isa = PBXFileReference; explicitFileType = wrapper.cfbundle; includeInIndex = 0; path = ChatterUITests.xctest; sourceTree = BUILT_PRODUCTS_DIR; };
		8C1B2DF029FCEA5E00DFBE69 /* ChatterUITests.swift */ = {isa = PBXFileReference; lastKnownFileType = sourcecode.swift; path = ChatterUITests.swift; sourceTree = "<group>"; };
		8C1B2DF229FCEA5E00DFBE69 /* ChatterUITestsLaunchTests.swift */ = {isa = PBXFileReference; lastKnownFileType = sourcecode.swift; path = ChatterUITestsLaunchTests.swift; sourceTree = "<group>"; };
		8C2BE53729FDBC4A0095BA68 /* Launch Screen.storyboard */ = {isa = PBXFileReference; lastKnownFileType = file.storyboard; path = "Launch Screen.storyboard"; sourceTree = "<group>"; };
		8C5A8FDC29FF26B9006981E9 /* GetPhoneNumberVerificationScreen.swift */ = {isa = PBXFileReference; lastKnownFileType = sourcecode.swift; path = GetPhoneNumberVerificationScreen.swift; sourceTree = "<group>"; };
		8C5A8FDF29FF26DC006981E9 /* GetNameScreen.swift */ = {isa = PBXFileReference; lastKnownFileType = sourcecode.swift; path = GetNameScreen.swift; sourceTree = "<group>"; };
		8C5A8FE129FF26E5006981E9 /* GetAgeScreen.swift */ = {isa = PBXFileReference; lastKnownFileType = sourcecode.swift; path = GetAgeScreen.swift; sourceTree = "<group>"; };
		8C5A8FE329FF26F0006981E9 /* GetGenderScreen.swift */ = {isa = PBXFileReference; lastKnownFileType = sourcecode.swift; path = GetGenderScreen.swift; sourceTree = "<group>"; };
		8C5A8FE529FF2701006981E9 /* GetInterestedGenderScreen.swift */ = {isa = PBXFileReference; lastKnownFileType = sourcecode.swift; path = GetInterestedGenderScreen.swift; sourceTree = "<group>"; };
		8C5A8FE729FF2722006981E9 /* GetTypeOfRelationshipScreen.swift */ = {isa = PBXFileReference; lastKnownFileType = sourcecode.swift; path = GetTypeOfRelationshipScreen.swift; sourceTree = "<group>"; };
		8C5A8FE929FF27B8006981E9 /* OnboardingScreen.swift */ = {isa = PBXFileReference; lastKnownFileType = sourcecode.swift; path = OnboardingScreen.swift; sourceTree = "<group>"; };
		8C5A8FEC29FF2C1E006981E9 /* FindMatchScreen.swift */ = {isa = PBXFileReference; lastKnownFileType = sourcecode.swift; path = FindMatchScreen.swift; sourceTree = "<group>"; };
		8C5A8FEF2A003453006981E9 /* KeyboardModifier.swift */ = {isa = PBXFileReference; lastKnownFileType = sourcecode.swift; path = KeyboardModifier.swift; sourceTree = "<group>"; };
		8C5A8FF12A00366B006981E9 /* SignUpTitleModifier.swift */ = {isa = PBXFileReference; lastKnownFileType = sourcecode.swift; path = SignUpTitleModifier.swift; sourceTree = "<group>"; };
		8C5A8FF52A00387F006981E9 /* TagLineModifier.swift */ = {isa = PBXFileReference; lastKnownFileType = sourcecode.swift; path = TagLineModifier.swift; sourceTree = "<group>"; };
		8C5A8FF92A004A5C006981E9 /* SignUpDescriptionModifier.swift */ = {isa = PBXFileReference; lastKnownFileType = sourcecode.swift; path = SignUpDescriptionModifier.swift; sourceTree = "<group>"; };
		8C5A8FFB2A004BF1006981E9 /* RoundedLongFilledButtonModifier.swift */ = {isa = PBXFileReference; lastKnownFileType = sourcecode.swift; path = RoundedLongFilledButtonModifier.swift; sourceTree = "<group>"; };
		8C5A8FFE2A005647006981E9 /* DisclaimerTextModifier.swift */ = {isa = PBXFileReference; lastKnownFileType = sourcecode.swift; path = DisclaimerTextModifier.swift; sourceTree = "<group>"; };
		8C5A90022A0064A8006981E9 /* Miscellaneous.swift */ = {isa = PBXFileReference; lastKnownFileType = sourcecode.swift; path = Miscellaneous.swift; sourceTree = "<group>"; };
		8C5A90042A008346006981E9 /* CountriesAndCountryCodes.swift */ = {isa = PBXFileReference; lastKnownFileType = sourcecode.swift; path = CountriesAndCountryCodes.swift; sourceTree = "<group>"; };
		8C96A9A729FE4BC800A67ACE /* GetPhoneNumberScreen.swift */ = {isa = PBXFileReference; lastKnownFileType = sourcecode.swift; path = GetPhoneNumberScreen.swift; sourceTree = "<group>"; };
		8CA362DA2A00EEF100C728E6 /* GetEmailScreen.swift */ = {isa = PBXFileReference; lastKnownFileType = sourcecode.swift; path = GetEmailScreen.swift; sourceTree = "<group>"; };
		8CF6BFB929FDC33600E04AA1 /* Gradients.swift */ = {isa = PBXFileReference; lastKnownFileType = sourcecode.swift; path = Gradients.swift; sourceTree = "<group>"; };
		8CF6BFBB29FDC79100E04AA1 /* EntryScreen.swift */ = {isa = PBXFileReference; lastKnownFileType = sourcecode.swift; path = EntryScreen.swift; sourceTree = "<group>"; };
		9986B9D229FEDD88000A2504 /* Chatter.entitlements */ = {isa = PBXFileReference; lastKnownFileType = text.plist.entitlements; path = Chatter.entitlements; sourceTree = "<group>"; };
/* End PBXFileReference section */

/* Begin PBXFrameworksBuildPhase section */
		8C1B2DCF29FCEA5D00DFBE69 /* Frameworks */ = {
			isa = PBXFrameworksBuildPhase;
			buildActionMask = 2147483647;
			files = (
			);
			runOnlyForDeploymentPostprocessing = 0;
		};
		8C1B2DDF29FCEA5E00DFBE69 /* Frameworks */ = {
			isa = PBXFrameworksBuildPhase;
			buildActionMask = 2147483647;
			files = (
			);
			runOnlyForDeploymentPostprocessing = 0;
		};
		8C1B2DE929FCEA5E00DFBE69 /* Frameworks */ = {
			isa = PBXFrameworksBuildPhase;
			buildActionMask = 2147483647;
			files = (
			);
			runOnlyForDeploymentPostprocessing = 0;
		};
/* End PBXFrameworksBuildPhase section */

/* Begin PBXGroup section */
		8C1B2DC929FCEA5D00DFBE69 = {
			isa = PBXGroup;
			children = (
				8C2BE53729FDBC4A0095BA68 /* Launch Screen.storyboard */,
				8C1B2DD429FCEA5D00DFBE69 /* Chatter */,
				8C1B2DE529FCEA5E00DFBE69 /* ChatterTests */,
				8C1B2DEF29FCEA5E00DFBE69 /* ChatterUITests */,
				8C1B2DD329FCEA5D00DFBE69 /* Products */,
			);
			sourceTree = "<group>";
		};
		8C1B2DD329FCEA5D00DFBE69 /* Products */ = {
			isa = PBXGroup;
			children = (
				8C1B2DD229FCEA5D00DFBE69 /* Chatter.app */,
				8C1B2DE229FCEA5E00DFBE69 /* ChatterTests.xctest */,
				8C1B2DEC29FCEA5E00DFBE69 /* ChatterUITests.xctest */,
			);
			name = Products;
			sourceTree = "<group>";
		};
		8C1B2DD429FCEA5D00DFBE69 /* Chatter */ = {
			isa = PBXGroup;
			children = (
				8C5A8FEE2A003440006981E9 /* Modifiers */,
				9986B9D229FEDD88000A2504 /* Chatter.entitlements */,
				8C96A9A629FE3D5000A67ACE /* Views */,
				8C1B2DD529FCEA5D00DFBE69 /* ChatterApp.swift */,
				8C5A90002A006387006981E9 /* CustomAssets */,
				8C1B2DD929FCEA5E00DFBE69 /* Assets.xcassets */,
				8C1B2DDB29FCEA5E00DFBE69 /* Preview Content */,
				8C5A90042A008346006981E9 /* CountriesAndCountryCodes.swift */,
			);
			path = Chatter;
			sourceTree = "<group>";
		};
		8C1B2DDB29FCEA5E00DFBE69 /* Preview Content */ = {
			isa = PBXGroup;
			children = (
				8C1B2DDC29FCEA5E00DFBE69 /* Preview Assets.xcassets */,
			);
			path = "Preview Content";
			sourceTree = "<group>";
		};
		8C1B2DE529FCEA5E00DFBE69 /* ChatterTests */ = {
			isa = PBXGroup;
			children = (
				8C1B2DE629FCEA5E00DFBE69 /* ChatterTests.swift */,
			);
			path = ChatterTests;
			sourceTree = "<group>";
		};
		8C1B2DEF29FCEA5E00DFBE69 /* ChatterUITests */ = {
			isa = PBXGroup;
			children = (
				8C1B2DF029FCEA5E00DFBE69 /* ChatterUITests.swift */,
				8C1B2DF229FCEA5E00DFBE69 /* ChatterUITestsLaunchTests.swift */,
			);
			path = ChatterUITests;
			sourceTree = "<group>";
		};
		8C5A8FDE29FF26C0006981E9 /* OnboardingSubviews */ = {
			isa = PBXGroup;
			children = (
				8CA362D92A00EEC300C728E6 /* RegistrationSubviews */,
				8C5A8FDF29FF26DC006981E9 /* GetNameScreen.swift */,
				8C5A8FE129FF26E5006981E9 /* GetAgeScreen.swift */,
				8C5A8FE329FF26F0006981E9 /* GetGenderScreen.swift */,
				8C5A8FE529FF2701006981E9 /* GetInterestedGenderScreen.swift */,
				8C5A8FE729FF2722006981E9 /* GetTypeOfRelationshipScreen.swift */,
			);
			path = OnboardingSubviews;
			sourceTree = "<group>";
		};
		8C5A8FEB29FF2BF7006981E9 /* NormalSubviews */ = {
			isa = PBXGroup;
			children = (
				8C5A8FEC29FF2C1E006981E9 /* FindMatchScreen.swift */,
			);
			path = NormalSubviews;
			sourceTree = "<group>";
		};
		8C5A8FEE2A003440006981E9 /* Modifiers */ = {
			isa = PBXGroup;
			children = (
				8C5A8FEF2A003453006981E9 /* KeyboardModifier.swift */,
				8C5A8FF42A00386E006981E9 /* TextModifiers */,
				8C5A8FFD2A004BFB006981E9 /* ButtonModifiers */,
			);
			path = Modifiers;
			sourceTree = "<group>";
		};
		8C5A8FF42A00386E006981E9 /* TextModifiers */ = {
			isa = PBXGroup;
			children = (
				8C5A8FF12A00366B006981E9 /* SignUpTitleModifier.swift */,
				8C5A8FF52A00387F006981E9 /* TagLineModifier.swift */,
				8C5A8FF92A004A5C006981E9 /* SignUpDescriptionModifier.swift */,
				8C5A8FFE2A005647006981E9 /* DisclaimerTextModifier.swift */,
			);
			path = TextModifiers;
			sourceTree = "<group>";
		};
		8C5A8FFD2A004BFB006981E9 /* ButtonModifiers */ = {
			isa = PBXGroup;
			children = (
				8C5A8FFB2A004BF1006981E9 /* RoundedLongFilledButtonModifier.swift */,
			);
			path = ButtonModifiers;
			sourceTree = "<group>";
		};
		8C5A90002A006387006981E9 /* CustomAssets */ = {
			isa = PBXGroup;
			children = (
				8CF6BFB929FDC33600E04AA1 /* Gradients.swift */,
				8C5A90022A0064A8006981E9 /* Miscellaneous.swift */,
			);
			path = CustomAssets;
			sourceTree = "<group>";
		};
		8C96A9A629FE3D5000A67ACE /* Views */ = {
			isa = PBXGroup;
			children = (
				8C5A8FEB29FF2BF7006981E9 /* NormalSubviews */,
				8C5A8FDE29FF26C0006981E9 /* OnboardingSubviews */,
				8C5A8FE929FF27B8006981E9 /* OnboardingScreen.swift */,
			);
			path = Views;
			sourceTree = "<group>";
		};
		8CA362D92A00EEC300C728E6 /* RegistrationSubviews */ = {
			isa = PBXGroup;
			children = (
				8CF6BFBB29FDC79100E04AA1 /* EntryScreen.swift */,
				8C5A8FDC29FF26B9006981E9 /* GetPhoneNumberVerificationScreen.swift */,
				8C96A9A729FE4BC800A67ACE /* GetPhoneNumberScreen.swift */,
				8CA362DA2A00EEF100C728E6 /* GetEmailScreen.swift */,
			);
			path = RegistrationSubviews;
			sourceTree = "<group>";
		};
/* End PBXGroup section */

/* Begin PBXNativeTarget section */
		8C1B2DD129FCEA5D00DFBE69 /* Chatter */ = {
			isa = PBXNativeTarget;
			buildConfigurationList = 8C1B2DF629FCEA5E00DFBE69 /* Build configuration list for PBXNativeTarget "Chatter" */;
			buildPhases = (
				8C1B2DCE29FCEA5D00DFBE69 /* Sources */,
				8C1B2DCF29FCEA5D00DFBE69 /* Frameworks */,
				8C1B2DD029FCEA5D00DFBE69 /* Resources */,
			);
			buildRules = (
			);
			dependencies = (
			);
			name = Chatter;
			productName = Chatter;
			productReference = 8C1B2DD229FCEA5D00DFBE69 /* Chatter.app */;
			productType = "com.apple.product-type.application";
		};
		8C1B2DE129FCEA5E00DFBE69 /* ChatterTests */ = {
			isa = PBXNativeTarget;
			buildConfigurationList = 8C1B2DF929FCEA5E00DFBE69 /* Build configuration list for PBXNativeTarget "ChatterTests" */;
			buildPhases = (
				8C1B2DDE29FCEA5E00DFBE69 /* Sources */,
				8C1B2DDF29FCEA5E00DFBE69 /* Frameworks */,
				8C1B2DE029FCEA5E00DFBE69 /* Resources */,
			);
			buildRules = (
			);
			dependencies = (
				8C1B2DE429FCEA5E00DFBE69 /* PBXTargetDependency */,
			);
			name = ChatterTests;
			productName = ChatterTests;
			productReference = 8C1B2DE229FCEA5E00DFBE69 /* ChatterTests.xctest */;
			productType = "com.apple.product-type.bundle.unit-test";
		};
		8C1B2DEB29FCEA5E00DFBE69 /* ChatterUITests */ = {
			isa = PBXNativeTarget;
			buildConfigurationList = 8C1B2DFC29FCEA5E00DFBE69 /* Build configuration list for PBXNativeTarget "ChatterUITests" */;
			buildPhases = (
				8C1B2DE829FCEA5E00DFBE69 /* Sources */,
				8C1B2DE929FCEA5E00DFBE69 /* Frameworks */,
				8C1B2DEA29FCEA5E00DFBE69 /* Resources */,
			);
			buildRules = (
			);
			dependencies = (
				8C1B2DEE29FCEA5E00DFBE69 /* PBXTargetDependency */,
			);
			name = ChatterUITests;
			productName = ChatterUITests;
			productReference = 8C1B2DEC29FCEA5E00DFBE69 /* ChatterUITests.xctest */;
			productType = "com.apple.product-type.bundle.ui-testing";
		};
/* End PBXNativeTarget section */

/* Begin PBXProject section */
		8C1B2DCA29FCEA5D00DFBE69 /* Project object */ = {
			isa = PBXProject;
			attributes = {
				BuildIndependentTargetsInParallel = 1;
				LastSwiftUpdateCheck = 1430;
				LastUpgradeCheck = 1430;
				TargetAttributes = {
					8C1B2DD129FCEA5D00DFBE69 = {
						CreatedOnToolsVersion = 14.3;
					};
					8C1B2DE129FCEA5E00DFBE69 = {
						CreatedOnToolsVersion = 14.3;
						TestTargetID = 8C1B2DD129FCEA5D00DFBE69;
					};
					8C1B2DEB29FCEA5E00DFBE69 = {
						CreatedOnToolsVersion = 14.3;
						TestTargetID = 8C1B2DD129FCEA5D00DFBE69;
					};
				};
			};
			buildConfigurationList = 8C1B2DCD29FCEA5D00DFBE69 /* Build configuration list for PBXProject "Chatter" */;
			compatibilityVersion = "Xcode 14.0";
			developmentRegion = en;
			hasScannedForEncodings = 0;
			knownRegions = (
				en,
				Base,
			);
			mainGroup = 8C1B2DC929FCEA5D00DFBE69;
			productRefGroup = 8C1B2DD329FCEA5D00DFBE69 /* Products */;
			projectDirPath = "";
			projectRoot = "";
			targets = (
				8C1B2DD129FCEA5D00DFBE69 /* Chatter */,
				8C1B2DE129FCEA5E00DFBE69 /* ChatterTests */,
				8C1B2DEB29FCEA5E00DFBE69 /* ChatterUITests */,
			);
		};
/* End PBXProject section */

/* Begin PBXResourcesBuildPhase section */
		8C1B2DD029FCEA5D00DFBE69 /* Resources */ = {
			isa = PBXResourcesBuildPhase;
			buildActionMask = 2147483647;
			files = (
				8C2BE53829FDBC4A0095BA68 /* Launch Screen.storyboard in Resources */,
				8C1B2DDD29FCEA5E00DFBE69 /* Preview Assets.xcassets in Resources */,
				8C1B2DDA29FCEA5E00DFBE69 /* Assets.xcassets in Resources */,
			);
			runOnlyForDeploymentPostprocessing = 0;
		};
		8C1B2DE029FCEA5E00DFBE69 /* Resources */ = {
			isa = PBXResourcesBuildPhase;
			buildActionMask = 2147483647;
			files = (
			);
			runOnlyForDeploymentPostprocessing = 0;
		};
		8C1B2DEA29FCEA5E00DFBE69 /* Resources */ = {
			isa = PBXResourcesBuildPhase;
			buildActionMask = 2147483647;
			files = (
			);
			runOnlyForDeploymentPostprocessing = 0;
		};
/* End PBXResourcesBuildPhase section */

/* Begin PBXSourcesBuildPhase section */
		8C1B2DCE29FCEA5D00DFBE69 /* Sources */ = {
			isa = PBXSourcesBuildPhase;
			buildActionMask = 2147483647;
			files = (
				8C5A8FEA29FF27B8006981E9 /* OnboardingScreen.swift in Sources */,
				8C96A9A829FE4BC800A67ACE /* GetPhoneNumberScreen.swift in Sources */,
				8CF6BFBA29FDC33600E04AA1 /* Gradients.swift in Sources */,
				8C5A8FFA2A004A5C006981E9 /* SignUpDescriptionModifier.swift in Sources */,
				8C5A8FFF2A005647006981E9 /* DisclaimerTextModifier.swift in Sources */,
				8C5A8FF22A00366B006981E9 /* SignUpTitleModifier.swift in Sources */,
				8C5A90052A008347006981E9 /* CountriesAndCountryCodes.swift in Sources */,
				8C5A8FF02A003453006981E9 /* KeyboardModifier.swift in Sources */,
				8C5A8FDD29FF26B9006981E9 /* GetPhoneNumberVerificationScreen.swift in Sources */,
				8CA362DB2A00EEF100C728E6 /* GetEmailScreen.swift in Sources */,
				8CF6BFBC29FDC79100E04AA1 /* EntryScreen.swift in Sources */,
				8C5A90032A0064A8006981E9 /* Miscellaneous.swift in Sources */,
				8C5A8FFC2A004BF1006981E9 /* RoundedLongFilledButtonModifier.swift in Sources */,
				8C5A8FF62A00387F006981E9 /* TagLineModifier.swift in Sources */,
				8C5A8FE629FF2701006981E9 /* GetInterestedGenderScreen.swift in Sources */,
				8C5A8FED29FF2C1E006981E9 /* FindMatchScreen.swift in Sources */,
				8C5A8FE229FF26E5006981E9 /* GetAgeScreen.swift in Sources */,
				8C5A8FE429FF26F0006981E9 /* GetGenderScreen.swift in Sources */,
				8C5A8FE829FF2722006981E9 /* GetTypeOfRelationshipScreen.swift in Sources */,
				8C1B2DD629FCEA5D00DFBE69 /* ChatterApp.swift in Sources */,
				8C5A8FE029FF26DC006981E9 /* GetNameScreen.swift in Sources */,
			);
			runOnlyForDeploymentPostprocessing = 0;
		};
		8C1B2DDE29FCEA5E00DFBE69 /* Sources */ = {
			isa = PBXSourcesBuildPhase;
			buildActionMask = 2147483647;
			files = (
				8C1B2DE729FCEA5E00DFBE69 /* ChatterTests.swift in Sources */,
			);
			runOnlyForDeploymentPostprocessing = 0;
		};
		8C1B2DE829FCEA5E00DFBE69 /* Sources */ = {
			isa = PBXSourcesBuildPhase;
			buildActionMask = 2147483647;
			files = (
				8C1B2DF329FCEA5E00DFBE69 /* ChatterUITestsLaunchTests.swift in Sources */,
				8C1B2DF129FCEA5E00DFBE69 /* ChatterUITests.swift in Sources */,
			);
			runOnlyForDeploymentPostprocessing = 0;
		};
/* End PBXSourcesBuildPhase section */

/* Begin PBXTargetDependency section */
		8C1B2DE429FCEA5E00DFBE69 /* PBXTargetDependency */ = {
			isa = PBXTargetDependency;
			target = 8C1B2DD129FCEA5D00DFBE69 /* Chatter */;
			targetProxy = 8C1B2DE329FCEA5E00DFBE69 /* PBXContainerItemProxy */;
		};
		8C1B2DEE29FCEA5E00DFBE69 /* PBXTargetDependency */ = {
			isa = PBXTargetDependency;
			target = 8C1B2DD129FCEA5D00DFBE69 /* Chatter */;
			targetProxy = 8C1B2DED29FCEA5E00DFBE69 /* PBXContainerItemProxy */;
		};
/* End PBXTargetDependency section */

/* Begin XCBuildConfiguration section */
		8C1B2DF429FCEA5E00DFBE69 /* Debug */ = {
			isa = XCBuildConfiguration;
			buildSettings = {
				ALWAYS_SEARCH_USER_PATHS = NO;
				CLANG_ANALYZER_NONNULL = YES;
				CLANG_ANALYZER_NUMBER_OBJECT_CONVERSION = YES_AGGRESSIVE;
				CLANG_CXX_LANGUAGE_STANDARD = "gnu++20";
				CLANG_ENABLE_MODULES = YES;
				CLANG_ENABLE_OBJC_ARC = YES;
				CLANG_ENABLE_OBJC_WEAK = YES;
				CLANG_WARN_BLOCK_CAPTURE_AUTORELEASING = YES;
				CLANG_WARN_BOOL_CONVERSION = YES;
				CLANG_WARN_COMMA = YES;
				CLANG_WARN_CONSTANT_CONVERSION = YES;
				CLANG_WARN_DEPRECATED_OBJC_IMPLEMENTATIONS = YES;
				CLANG_WARN_DIRECT_OBJC_ISA_USAGE = YES_ERROR;
				CLANG_WARN_DOCUMENTATION_COMMENTS = YES;
				CLANG_WARN_EMPTY_BODY = YES;
				CLANG_WARN_ENUM_CONVERSION = YES;
				CLANG_WARN_INFINITE_RECURSION = YES;
				CLANG_WARN_INT_CONVERSION = YES;
				CLANG_WARN_NON_LITERAL_NULL_CONVERSION = YES;
				CLANG_WARN_OBJC_IMPLICIT_RETAIN_SELF = YES;
				CLANG_WARN_OBJC_LITERAL_CONVERSION = YES;
				CLANG_WARN_OBJC_ROOT_CLASS = YES_ERROR;
				CLANG_WARN_QUOTED_INCLUDE_IN_FRAMEWORK_HEADER = YES;
				CLANG_WARN_RANGE_LOOP_ANALYSIS = YES;
				CLANG_WARN_STRICT_PROTOTYPES = YES;
				CLANG_WARN_SUSPICIOUS_MOVE = YES;
				CLANG_WARN_UNGUARDED_AVAILABILITY = YES_AGGRESSIVE;
				CLANG_WARN_UNREACHABLE_CODE = YES;
				CLANG_WARN__DUPLICATE_METHOD_MATCH = YES;
				COPY_PHASE_STRIP = NO;
				DEBUG_INFORMATION_FORMAT = dwarf;
				ENABLE_STRICT_OBJC_MSGSEND = YES;
				ENABLE_TESTABILITY = YES;
				GCC_C_LANGUAGE_STANDARD = gnu11;
				GCC_DYNAMIC_NO_PIC = NO;
				GCC_NO_COMMON_BLOCKS = YES;
				GCC_OPTIMIZATION_LEVEL = 0;
				GCC_PREPROCESSOR_DEFINITIONS = (
					"DEBUG=1",
					"$(inherited)",
				);
				GCC_WARN_64_TO_32_BIT_CONVERSION = YES;
				GCC_WARN_ABOUT_RETURN_TYPE = YES_ERROR;
				GCC_WARN_UNDECLARED_SELECTOR = YES;
				GCC_WARN_UNINITIALIZED_AUTOS = YES_AGGRESSIVE;
				GCC_WARN_UNUSED_FUNCTION = YES;
				GCC_WARN_UNUSED_VARIABLE = YES;
				IPHONEOS_DEPLOYMENT_TARGET = 16.4;
				MTL_ENABLE_DEBUG_INFO = INCLUDE_SOURCE;
				MTL_FAST_MATH = YES;
				ONLY_ACTIVE_ARCH = YES;
				SDKROOT = iphoneos;
				SWIFT_ACTIVE_COMPILATION_CONDITIONS = DEBUG;
				SWIFT_OPTIMIZATION_LEVEL = "-Onone";
			};
			name = Debug;
		};
		8C1B2DF529FCEA5E00DFBE69 /* Release */ = {
			isa = XCBuildConfiguration;
			buildSettings = {
				ALWAYS_SEARCH_USER_PATHS = NO;
				CLANG_ANALYZER_NONNULL = YES;
				CLANG_ANALYZER_NUMBER_OBJECT_CONVERSION = YES_AGGRESSIVE;
				CLANG_CXX_LANGUAGE_STANDARD = "gnu++20";
				CLANG_ENABLE_MODULES = YES;
				CLANG_ENABLE_OBJC_ARC = YES;
				CLANG_ENABLE_OBJC_WEAK = YES;
				CLANG_WARN_BLOCK_CAPTURE_AUTORELEASING = YES;
				CLANG_WARN_BOOL_CONVERSION = YES;
				CLANG_WARN_COMMA = YES;
				CLANG_WARN_CONSTANT_CONVERSION = YES;
				CLANG_WARN_DEPRECATED_OBJC_IMPLEMENTATIONS = YES;
				CLANG_WARN_DIRECT_OBJC_ISA_USAGE = YES_ERROR;
				CLANG_WARN_DOCUMENTATION_COMMENTS = YES;
				CLANG_WARN_EMPTY_BODY = YES;
				CLANG_WARN_ENUM_CONVERSION = YES;
				CLANG_WARN_INFINITE_RECURSION = YES;
				CLANG_WARN_INT_CONVERSION = YES;
				CLANG_WARN_NON_LITERAL_NULL_CONVERSION = YES;
				CLANG_WARN_OBJC_IMPLICIT_RETAIN_SELF = YES;
				CLANG_WARN_OBJC_LITERAL_CONVERSION = YES;
				CLANG_WARN_OBJC_ROOT_CLASS = YES_ERROR;
				CLANG_WARN_QUOTED_INCLUDE_IN_FRAMEWORK_HEADER = YES;
				CLANG_WARN_RANGE_LOOP_ANALYSIS = YES;
				CLANG_WARN_STRICT_PROTOTYPES = YES;
				CLANG_WARN_SUSPICIOUS_MOVE = YES;
				CLANG_WARN_UNGUARDED_AVAILABILITY = YES_AGGRESSIVE;
				CLANG_WARN_UNREACHABLE_CODE = YES;
				CLANG_WARN__DUPLICATE_METHOD_MATCH = YES;
				COPY_PHASE_STRIP = NO;
				DEBUG_INFORMATION_FORMAT = "dwarf-with-dsym";
				ENABLE_NS_ASSERTIONS = NO;
				ENABLE_STRICT_OBJC_MSGSEND = YES;
				GCC_C_LANGUAGE_STANDARD = gnu11;
				GCC_NO_COMMON_BLOCKS = YES;
				GCC_WARN_64_TO_32_BIT_CONVERSION = YES;
				GCC_WARN_ABOUT_RETURN_TYPE = YES_ERROR;
				GCC_WARN_UNDECLARED_SELECTOR = YES;
				GCC_WARN_UNINITIALIZED_AUTOS = YES_AGGRESSIVE;
				GCC_WARN_UNUSED_FUNCTION = YES;
				GCC_WARN_UNUSED_VARIABLE = YES;
				IPHONEOS_DEPLOYMENT_TARGET = 16.4;
				MTL_ENABLE_DEBUG_INFO = NO;
				MTL_FAST_MATH = YES;
				SDKROOT = iphoneos;
				SWIFT_COMPILATION_MODE = wholemodule;
				SWIFT_OPTIMIZATION_LEVEL = "-O";
				VALIDATE_PRODUCT = YES;
			};
			name = Release;
		};
		8C1B2DF729FCEA5E00DFBE69 /* Debug */ = {
			isa = XCBuildConfiguration;
			buildSettings = {
				ASSETCATALOG_COMPILER_APPICON_NAME = AppIcon2;
				ASSETCATALOG_COMPILER_GLOBAL_ACCENT_COLOR_NAME = AccentColor;
				CODE_SIGN_ENTITLEMENTS = Chatter/Chatter.entitlements;
				CODE_SIGN_STYLE = Automatic;
				CURRENT_PROJECT_VERSION = 1;
				DEVELOPMENT_ASSET_PATHS = "\"Chatter/Preview Content\"";
				DEVELOPMENT_TEAM = XX33VWWTUF;
				ENABLE_PREVIEWS = YES;
				GENERATE_INFOPLIST_FILE = YES;
				INFOPLIST_KEY_CFBundleDisplayName = Clique;
				INFOPLIST_KEY_UIApplicationSceneManifest_Generation = YES;
				INFOPLIST_KEY_UIApplicationSupportsIndirectInputEvents = YES;
				INFOPLIST_KEY_UILaunchScreen_Generation = YES;
				INFOPLIST_KEY_UILaunchStoryboardName = "Launch Screen.storyboard";
				INFOPLIST_KEY_UIRequiresFullScreen = YES;
				INFOPLIST_KEY_UISupportedInterfaceOrientations = UIInterfaceOrientationPortrait;
				IPHONEOS_DEPLOYMENT_TARGET = 16.1;
				LD_RUNPATH_SEARCH_PATHS = (
					"$(inherited)",
					"@executable_path/Frameworks",
				);
				MARKETING_VERSION = 1.0;
				PRODUCT_BUNDLE_IDENTIFIER = ed.Chatter;
				PRODUCT_NAME = "$(TARGET_NAME)";
				SWIFT_EMIT_LOC_STRINGS = YES;
				SWIFT_VERSION = 5.0;
				TARGETED_DEVICE_FAMILY = "1,2";
			};
			name = Debug;
		};
		8C1B2DF829FCEA5E00DFBE69 /* Release */ = {
			isa = XCBuildConfiguration;
			buildSettings = {
				ASSETCATALOG_COMPILER_APPICON_NAME = AppIcon2;
				ASSETCATALOG_COMPILER_GLOBAL_ACCENT_COLOR_NAME = AccentColor;
				CODE_SIGN_ENTITLEMENTS = Chatter/Chatter.entitlements;
				CODE_SIGN_STYLE = Automatic;
				CURRENT_PROJECT_VERSION = 1;
				DEVELOPMENT_ASSET_PATHS = "\"Chatter/Preview Content\"";
				DEVELOPMENT_TEAM = XX33VWWTUF;
				ENABLE_PREVIEWS = YES;
				GENERATE_INFOPLIST_FILE = YES;
				INFOPLIST_KEY_CFBundleDisplayName = Clique;
				INFOPLIST_KEY_UIApplicationSceneManifest_Generation = YES;
				INFOPLIST_KEY_UIApplicationSupportsIndirectInputEvents = YES;
				INFOPLIST_KEY_UILaunchScreen_Generation = YES;
				INFOPLIST_KEY_UILaunchStoryboardName = "Launch Screen.storyboard";
				INFOPLIST_KEY_UIRequiresFullScreen = YES;
				INFOPLIST_KEY_UISupportedInterfaceOrientations = UIInterfaceOrientationPortrait;
				IPHONEOS_DEPLOYMENT_TARGET = 16.1;
				LD_RUNPATH_SEARCH_PATHS = (
					"$(inherited)",
					"@executable_path/Frameworks",
				);
				MARKETING_VERSION = 1.0;
				PRODUCT_BUNDLE_IDENTIFIER = ed.Chatter;
				PRODUCT_NAME = "$(TARGET_NAME)";
				SWIFT_EMIT_LOC_STRINGS = YES;
				SWIFT_VERSION = 5.0;
				TARGETED_DEVICE_FAMILY = "1,2";
			};
			name = Release;
		};
		8C1B2DFA29FCEA5E00DFBE69 /* Debug */ = {
			isa = XCBuildConfiguration;
			buildSettings = {
				ALWAYS_EMBED_SWIFT_STANDARD_LIBRARIES = YES;
				BUNDLE_LOADER = "$(TEST_HOST)";
				CODE_SIGN_STYLE = Automatic;
				CURRENT_PROJECT_VERSION = 1;
				GENERATE_INFOPLIST_FILE = YES;
				IPHONEOS_DEPLOYMENT_TARGET = 16.4;
				MARKETING_VERSION = 1.0;
				PRODUCT_BUNDLE_IDENTIFIER = ed.ChatterTests;
				PRODUCT_NAME = "$(TARGET_NAME)";
				SWIFT_EMIT_LOC_STRINGS = NO;
				SWIFT_VERSION = 5.0;
				TARGETED_DEVICE_FAMILY = "1,2";
				TEST_HOST = "$(BUILT_PRODUCTS_DIR)/Chatter.app/$(BUNDLE_EXECUTABLE_FOLDER_PATH)/Chatter";
			};
			name = Debug;
		};
		8C1B2DFB29FCEA5E00DFBE69 /* Release */ = {
			isa = XCBuildConfiguration;
			buildSettings = {
				ALWAYS_EMBED_SWIFT_STANDARD_LIBRARIES = YES;
				BUNDLE_LOADER = "$(TEST_HOST)";
				CODE_SIGN_STYLE = Automatic;
				CURRENT_PROJECT_VERSION = 1;
				GENERATE_INFOPLIST_FILE = YES;
				IPHONEOS_DEPLOYMENT_TARGET = 16.4;
				MARKETING_VERSION = 1.0;
				PRODUCT_BUNDLE_IDENTIFIER = ed.ChatterTests;
				PRODUCT_NAME = "$(TARGET_NAME)";
				SWIFT_EMIT_LOC_STRINGS = NO;
				SWIFT_VERSION = 5.0;
				TARGETED_DEVICE_FAMILY = "1,2";
				TEST_HOST = "$(BUILT_PRODUCTS_DIR)/Chatter.app/$(BUNDLE_EXECUTABLE_FOLDER_PATH)/Chatter";
			};
			name = Release;
		};
		8C1B2DFD29FCEA5E00DFBE69 /* Debug */ = {
			isa = XCBuildConfiguration;
			buildSettings = {
				ALWAYS_EMBED_SWIFT_STANDARD_LIBRARIES = YES;
				CODE_SIGN_STYLE = Automatic;
				CURRENT_PROJECT_VERSION = 1;
				GENERATE_INFOPLIST_FILE = YES;
				MARKETING_VERSION = 1.0;
				PRODUCT_BUNDLE_IDENTIFIER = ed.ChatterUITests;
				PRODUCT_NAME = "$(TARGET_NAME)";
				SWIFT_EMIT_LOC_STRINGS = NO;
				SWIFT_VERSION = 5.0;
				TARGETED_DEVICE_FAMILY = "1,2";
				TEST_TARGET_NAME = Chatter;
			};
			name = Debug;
		};
		8C1B2DFE29FCEA5E00DFBE69 /* Release */ = {
			isa = XCBuildConfiguration;
			buildSettings = {
				ALWAYS_EMBED_SWIFT_STANDARD_LIBRARIES = YES;
				CODE_SIGN_STYLE = Automatic;
				CURRENT_PROJECT_VERSION = 1;
				GENERATE_INFOPLIST_FILE = YES;
				MARKETING_VERSION = 1.0;
				PRODUCT_BUNDLE_IDENTIFIER = ed.ChatterUITests;
				PRODUCT_NAME = "$(TARGET_NAME)";
				SWIFT_EMIT_LOC_STRINGS = NO;
				SWIFT_VERSION = 5.0;
				TARGETED_DEVICE_FAMILY = "1,2";
				TEST_TARGET_NAME = Chatter;
			};
			name = Release;
		};
/* End XCBuildConfiguration section */

/* Begin XCConfigurationList section */
		8C1B2DCD29FCEA5D00DFBE69 /* Build configuration list for PBXProject "Chatter" */ = {
			isa = XCConfigurationList;
			buildConfigurations = (
				8C1B2DF429FCEA5E00DFBE69 /* Debug */,
				8C1B2DF529FCEA5E00DFBE69 /* Release */,
			);
			defaultConfigurationIsVisible = 0;
			defaultConfigurationName = Release;
		};
		8C1B2DF629FCEA5E00DFBE69 /* Build configuration list for PBXNativeTarget "Chatter" */ = {
			isa = XCConfigurationList;
			buildConfigurations = (
				8C1B2DF729FCEA5E00DFBE69 /* Debug */,
				8C1B2DF829FCEA5E00DFBE69 /* Release */,
			);
			defaultConfigurationIsVisible = 0;
			defaultConfigurationName = Release;
		};
		8C1B2DF929FCEA5E00DFBE69 /* Build configuration list for PBXNativeTarget "ChatterTests" */ = {
			isa = XCConfigurationList;
			buildConfigurations = (
				8C1B2DFA29FCEA5E00DFBE69 /* Debug */,
				8C1B2DFB29FCEA5E00DFBE69 /* Release */,
			);
			defaultConfigurationIsVisible = 0;
			defaultConfigurationName = Release;
		};
		8C1B2DFC29FCEA5E00DFBE69 /* Build configuration list for PBXNativeTarget "ChatterUITests" */ = {
			isa = XCConfigurationList;
			buildConfigurations = (
				8C1B2DFD29FCEA5E00DFBE69 /* Debug */,
				8C1B2DFE29FCEA5E00DFBE69 /* Release */,
			);
			defaultConfigurationIsVisible = 0;
			defaultConfigurationName = Release;
		};
/* End XCConfigurationList section */
	};
	rootObject = 8C1B2DCA29FCEA5D00DFBE69 /* Project object */;
}
